
Microsoft Visual Studio Solution File, Format Version 11.00
# Visual Studio 2010
Project("{FAE04EC0-301F-11D3-BF4B-00C04F79EFBC}") = "KnockoutProject", "KnockoutProject\KnockoutProject.csproj", "{A451DE31-1647-41BF-B41A-2597090EED78}"
EndProject
Global
	GlobalSection(SolutionConfigurationPlatforms) = preSolution
		Debug|Any CPU = Debug|Any CPU
		Release|Any CPU = Release|Any CPU
	EndGlobalSection
	GlobalSection(ProjectConfigurationPlatforms) = postSolution
		{A451DE31-1647-41BF-B41A-2597090EED78}.Debug|Any CPU.ActiveCfg = Debug|Any CPU
		{A451DE31-1647-41BF-B41A-2597090EED78}.Debug|Any CPU.Build.0 = Debug|Any CPU
		{A451DE31-1647-41BF-B41A-2597090EED78}.Release|Any CPU.ActiveCfg = Release|Any CPU
		{A451DE31-1647-41BF-B41A-2597090EED78}.Release|Any CPU.Build.0 = Release|Any CPU
	EndGlobalSection
	GlobalSection(SolutionProperties) = preSolution
		HideSolutionNode = FALSE
	EndGlobalSection
EndGlobal
